// !$*UTF8*$!
{
	archiveVersion = 1;
	classes = {
	};
	objectVersion = 50;
	objects = {

/* Begin PBXBuildFile section */
		A5E4D67725C70DB8008A915F /* AppDelegate.swift in Sources */ = {isa = PBXBuildFile; fileRef = A5E4D67625C70DB8008A915F /* AppDelegate.swift */; };
		A5E4D67925C70DB8008A915F /* SceneDelegate.swift in Sources */ = {isa = PBXBuildFile; fileRef = A5E4D67825C70DB8008A915F /* SceneDelegate.swift */; };
		A5E4D67B25C70DB8008A915F /* ViewController.swift in Sources */ = {isa = PBXBuildFile; fileRef = A5E4D67A25C70DB8008A915F /* ViewController.swift */; };
		A5E4D67E25C70DB8008A915F /* Main.storyboard in Resources */ = {isa = PBXBuildFile; fileRef = A5E4D67C25C70DB8008A915F /* Main.storyboard */; };
		A5E4D68025C70DB9008A915F /* Assets.xcassets in Resources */ = {isa = PBXBuildFile; fileRef = A5E4D67F25C70DB9008A915F /* Assets.xcassets */; };
		A5E4D68325C70DB9008A915F /* LaunchScreen.storyboard in Resources */ = {isa = PBXBuildFile; fileRef = A5E4D68125C70DB9008A915F /* LaunchScreen.storyboard */; };
		A5E4D68F25C70DE9008A915F /* PryanikyData.swift in Sources */ = {isa = PBXBuildFile; fileRef = A5E4D68E25C70DE9008A915F /* PryanikyData.swift */; };
		A5E4D69325C70DF6008A915F /* NetworkService.swift in Sources */ = {isa = PBXBuildFile; fileRef = A5E4D69225C70DF6008A915F /* NetworkService.swift */; };
		A5E4D69825C70F12008A915F /* SelectorVC.swift in Sources */ = {isa = PBXBuildFile; fileRef = A5E4D69725C70F12008A915F /* SelectorVC.swift */; };
		A5E4D69B25C70F20008A915F /* PictureVC.swift in Sources */ = {isa = PBXBuildFile; fileRef = A5E4D69A25C70F20008A915F /* PictureVC.swift */; };
/* End PBXBuildFile section */

/* Begin PBXFileReference section */
		A5E4D67325C70DB8008A915F /* PryanikyTest.app */ = {isa = PBXFileReference; explicitFileType = wrapper.application; includeInIndex = 0; path = PryanikyTest.app; sourceTree = BUILT_PRODUCTS_DIR; };
		A5E4D67625C70DB8008A915F /* AppDelegate.swift */ = {isa = PBXFileReference; lastKnownFileType = sourcecode.swift; path = AppDelegate.swift; sourceTree = "<group>"; };
		A5E4D67825C70DB8008A915F /* SceneDelegate.swift */ = {isa = PBXFileReference; lastKnownFileType = sourcecode.swift; path = SceneDelegate.swift; sourceTree = "<group>"; };
		A5E4D67A25C70DB8008A915F /* ViewController.swift */ = {isa = PBXFileReference; lastKnownFileType = sourcecode.swift; path = ViewController.swift; sourceTree = "<group>"; };
		A5E4D67D25C70DB8008A915F /* Base */ = {isa = PBXFileReference; lastKnownFileType = file.storyboard; name = Base; path = Base.lproj/Main.storyboard; sourceTree = "<group>"; };
		A5E4D67F25C70DB9008A915F /* Assets.xcassets */ = {isa = PBXFileReference; lastKnownFileType = folder.assetcatalog; path = Assets.xcassets; sourceTree = "<group>"; };
		A5E4D68225C70DB9008A915F /* Base */ = {isa = PBXFileReference; lastKnownFileType = file.storyboard; name = Base; path = Base.lproj/LaunchScreen.storyboard; sourceTree = "<group>"; };
		A5E4D68425C70DB9008A915F /* Info.plist */ = {isa = PBXFileReference; lastKnownFileType = text.plist.xml; path = Info.plist; sourceTree = "<group>"; };
		A5E4D68E25C70DE9008A915F /* PryanikyData.swift */ = {isa = PBXFileReference; lastKnownFileType = sourcecode.swift; path = PryanikyData.swift; sourceTree = "<group>"; };
		A5E4D69225C70DF6008A915F /* NetworkService.swift */ = {isa = PBXFileReference; lastKnownFileType = sourcecode.swift; path = NetworkService.swift; sourceTree = "<group>"; };
		A5E4D69725C70F12008A915F /* SelectorVC.swift */ = {isa = PBXFileReference; lastKnownFileType = sourcecode.swift; path = SelectorVC.swift; sourceTree = "<group>"; };
		A5E4D69A25C70F20008A915F /* PictureVC.swift */ = {isa = PBXFileReference; lastKnownFileType = sourcecode.swift; path = PictureVC.swift; sourceTree = "<group>"; };
/* End PBXFileReference section */

/* Begin PBXFrameworksBuildPhase section */
		A5E4D67025C70DB8008A915F /* Frameworks */ = {
			isa = PBXFrameworksBuildPhase;
			buildActionMask = 2147483647;
			files = (
			);
			runOnlyForDeploymentPostprocessing = 0;
		};
/* End PBXFrameworksBuildPhase section */

/* Begin PBXGroup section */
		A5E4D66A25C70DB8008A915F = {
			isa = PBXGroup;
			children = (
				A5E4D67525C70DB8008A915F /* PryanikyTest */,
				A5E4D67425C70DB8008A915F /* Products */,
			);
			sourceTree = "<group>";
		};
		A5E4D67425C70DB8008A915F /* Products */ = {
			isa = PBXGroup;
			children = (
				A5E4D67325C70DB8008A915F /* PryanikyTest.app */,
			);
			name = Products;
			sourceTree = "<group>";
		};
		A5E4D67525C70DB8008A915F /* PryanikyTest */ = {
			isa = PBXGroup;
			children = (
				A5E4D68B25C70DBF008A915F /* Model */,
				A5E4D69F25C72177008A915F /* View */,
				A5E4D6A325C7240A008A915F /* ViewModel */,
				A5E4D6A225C723ED008A915F /* Supporting files */,
			);
			path = PryanikyTest;
			sourceTree = "<group>";
		};
		A5E4D68B25C70DBF008A915F /* Model */ = {
			isa = PBXGroup;
			children = (
				A5E4D68E25C70DE9008A915F /* PryanikyData.swift */,
				A5E4D69225C70DF6008A915F /* NetworkService.swift */,
			);
			path = Model;
			sourceTree = "<group>";
		};
		A5E4D69F25C72177008A915F /* View */ = {
			isa = PBXGroup;
			children = (
				A5E4D67A25C70DB8008A915F /* ViewController.swift */,
			);
			path = View;
			sourceTree = "<group>";
		};
		A5E4D6A225C723ED008A915F /* Supporting files */ = {
			isa = PBXGroup;
			children = (
				A5E4D67625C70DB8008A915F /* AppDelegate.swift */,
				A5E4D67C25C70DB8008A915F /* Main.storyboard */,
				A5E4D67825C70DB8008A915F /* SceneDelegate.swift */,
				A5E4D67F25C70DB9008A915F /* Assets.xcassets */,
				A5E4D68125C70DB9008A915F /* LaunchScreen.storyboard */,
				A5E4D68425C70DB9008A915F /* Info.plist */,
			);
			path = "Supporting files";
			sourceTree = "<group>";
		};
		A5E4D6A325C7240A008A915F /* ViewModel */ = {
			isa = PBXGroup;
			children = (
				A5E4D69725C70F12008A915F /* SelectorVC.swift */,
				A5E4D69A25C70F20008A915F /* PictureVC.swift */,
			);
			path = ViewModel;
			sourceTree = "<group>";
		};
/* End PBXGroup section */

/* Begin PBXNativeTarget section */
		A5E4D67225C70DB8008A915F /* PryanikyTest */ = {
			isa = PBXNativeTarget;
			buildConfigurationList = A5E4D68725C70DB9008A915F /* Build configuration list for PBXNativeTarget "PryanikyTest" */;
			buildPhases = (
				A5E4D66F25C70DB8008A915F /* Sources */,
				A5E4D67025C70DB8008A915F /* Frameworks */,
				A5E4D67125C70DB8008A915F /* Resources */,
			);
			buildRules = (
			);
			dependencies = (
			);
			name = PryanikyTest;
			productName = PryanikyTest;
			productReference = A5E4D67325C70DB8008A915F /* PryanikyTest.app */;
			productType = "com.apple.product-type.application";
		};
/* End PBXNativeTarget section */

/* Begin PBXProject section */
		A5E4D66B25C70DB8008A915F /* Project object */ = {
			isa = PBXProject;
			attributes = {
				LastSwiftUpdateCheck = 1230;
				LastUpgradeCheck = 1230;
				TargetAttributes = {
					A5E4D67225C70DB8008A915F = {
						CreatedOnToolsVersion = 12.3;
					};
				};
			};
			buildConfigurationList = A5E4D66E25C70DB8008A915F /* Build configuration list for PBXProject "PryanikyTest" */;
			compatibilityVersion = "Xcode 9.3";
			developmentRegion = en;
			hasScannedForEncodings = 0;
			knownRegions = (
				en,
				Base,
			);
			mainGroup = A5E4D66A25C70DB8008A915F;
			productRefGroup = A5E4D67425C70DB8008A915F /* Products */;
			projectDirPath = "";
			projectRoot = "";
			targets = (
				A5E4D67225C70DB8008A915F /* PryanikyTest */,
			);
		};
/* End PBXProject section */

/* Begin PBXResourcesBuildPhase section */
		A5E4D67125C70DB8008A915F /* Resources */ = {
			isa = PBXResourcesBuildPhase;
			buildActionMask = 2147483647;
			files = (
				A5E4D68325C70DB9008A915F /* LaunchScreen.storyboard in Resources */,
				A5E4D68025C70DB9008A915F /* Assets.xcassets in Resources */,
				A5E4D67E25C70DB8008A915F /* Main.storyboard in Resources */,
			);
			runOnlyForDeploymentPostprocessing = 0;
		};
/* End PBXResourcesBuildPhase section */

/* Begin PBXSourcesBuildPhase section */
		A5E4D66F25C70DB8008A915F /* Sources */ = {
			isa = PBXSourcesBuildPhase;
			buildActionMask = 2147483647;
			files = (
				A5E4D67B25C70DB8008A915F /* ViewController.swift in Sources */,
				A5E4D67725C70DB8008A915F /* AppDelegate.swift in Sources */,
				A5E4D69325C70DF6008A915F /* NetworkService.swift in Sources */,
				A5E4D68F25C70DE9008A915F /* PryanikyData.swift in Sources */,
				A5E4D67925C70DB8008A915F /* SceneDelegate.swift in Sources */,
				A5E4D69825C70F12008A915F /* SelectorVC.swift in Sources */,
				A5E4D69B25C70F20008A915F /* PictureVC.swift in Sources */,
			);
			runOnlyForDeploymentPostprocessing = 0;
		};
/* End PBXSourcesBuildPhase section */

/* Begin PBXVariantGroup section */
		A5E4D67C25C70DB8008A915F /* Main.storyboard */ = {
			isa = PBXVariantGroup;
			children = (
				A5E4D67D25C70DB8008A915F /* Base */,
			);
			name = Main.storyboard;
			sourceTree = "<group>";
		};
		A5E4D68125C70DB9008A915F /* LaunchScreen.storyboard */ = {
			isa = PBXVariantGroup;
			children = (
				A5E4D68225C70DB9008A915F /* Base */,
			);
			name = LaunchScreen.storyboard;
			sourceTree = "<group>";
		};
/* End PBXVariantGroup section */

/* Begin XCBuildConfiguration section */
		A5E4D68525C70DB9008A915F /* Debug */ = {
			isa = XCBuildConfiguration;
			buildSettings = {
				ALWAYS_SEARCH_USER_PATHS = NO;
				CLANG_ANALYZER_NONNULL = YES;
				CLANG_ANALYZER_NUMBER_OBJECT_CONVERSION = YES_AGGRESSIVE;
				CLANG_CXX_LANGUAGE_STANDARD = "gnu++14";
				CLANG_CXX_LIBRARY = "libc++";
				CLANG_ENABLE_MODULES = YES;
				CLANG_ENABLE_OBJC_ARC = YES;
				CLANG_ENABLE_OBJC_WEAK = YES;
				CLANG_WARN_BLOCK_CAPTURE_AUTORELEASING = YES;
				CLANG_WARN_BOOL_CONVERSION = YES;
				CLANG_WARN_COMMA = YES;
				CLANG_WARN_CONSTANT_CONVERSION = YES;
				CLANG_WARN_DEPRECATED_OBJC_IMPLEMENTATIONS = YES;
				CLANG_WARN_DIRECT_OBJC_ISA_USAGE = YES_ERROR;
				CLANG_WARN_DOCUMENTATION_COMMENTS = YES;
				CLANG_WARN_EMPTY_BODY = YES;
				CLANG_WARN_ENUM_CONVERSION = YES;
				CLANG_WARN_INFINITE_RECURSION = YES;
				CLANG_WARN_INT_CONVERSION = YES;
				CLANG_WARN_NON_LITERAL_NULL_CONVERSION = YES;
				CLANG_WARN_OBJC_IMPLICIT_RETAIN_SELF = YES;
				CLANG_WARN_OBJC_LITERAL_CONVERSION = YES;
				CLANG_WARN_OBJC_ROOT_CLASS = YES_ERROR;
				CLANG_WARN_QUOTED_INCLUDE_IN_FRAMEWORK_HEADER = YES;
				CLANG_WARN_RANGE_LOOP_ANALYSIS = YES;
				CLANG_WARN_STRICT_PROTOTYPES = YES;
				CLANG_WARN_SUSPICIOUS_MOVE = YES;
				CLANG_WARN_UNGUARDED_AVAILABILITY = YES_AGGRESSIVE;
				CLANG_WARN_UNREACHABLE_CODE = YES;
				CLANG_WARN__DUPLICATE_METHOD_MATCH = YES;
				COPY_PHASE_STRIP = NO;
				DEBUG_INFORMATION_FORMAT = dwarf;
				ENABLE_STRICT_OBJC_MSGSEND = YES;
				ENABLE_TESTABILITY = YES;
				GCC_C_LANGUAGE_STANDARD = gnu11;
				GCC_DYNAMIC_NO_PIC = NO;
				GCC_NO_COMMON_BLOCKS = YES;
				GCC_OPTIMIZATION_LEVEL = 0;
				GCC_PREPROCESSOR_DEFINITIONS = (
					"DEBUG=1",
					"$(inherited)",
				);
				GCC_WARN_64_TO_32_BIT_CONVERSION = YES;
				GCC_WARN_ABOUT_RETURN_TYPE = YES_ERROR;
				GCC_WARN_UNDECLARED_SELECTOR = YES;
				GCC_WARN_UNINITIALIZED_AUTOS = YES_AGGRESSIVE;
				GCC_WARN_UNUSED_FUNCTION = YES;
				GCC_WARN_UNUSED_VARIABLE = YES;
				IPHONEOS_DEPLOYMENT_TARGET = 14.3;
				MTL_ENABLE_DEBUG_INFO = INCLUDE_SOURCE;
				MTL_FAST_MATH = YES;
				ONLY_ACTIVE_ARCH = YES;
				SDKROOT = iphoneos;
				SWIFT_ACTIVE_COMPILATION_CONDITIONS = DEBUG;
				SWIFT_OPTIMIZATION_LEVEL = "-Onone";
			};
			name = Debug;
		};
		A5E4D68625C70DB9008A915F /* Release */ = {
			isa = XCBuildConfiguration;
			buildSettings = {
				ALWAYS_SEARCH_USER_PATHS = NO;
				CLANG_ANALYZER_NONNULL = YES;
				CLANG_ANALYZER_NUMBER_OBJECT_CONVERSION = YES_AGGRESSIVE;
				CLANG_CXX_LANGUAGE_STANDARD = "gnu++14";
				CLANG_CXX_LIBRARY = "libc++";
				CLANG_ENABLE_MODULES = YES;
				CLANG_ENABLE_OBJC_ARC = YES;
				CLANG_ENABLE_OBJC_WEAK = YES;
				CLANG_WARN_BLOCK_CAPTURE_AUTORELEASING = YES;
				CLANG_WARN_BOOL_CONVERSION = YES;
				CLANG_WARN_COMMA = YES;
				CLANG_WARN_CONSTANT_CONVERSION = YES;
				CLANG_WARN_DEPRECATED_OBJC_IMPLEMENTATIONS = YES;
				CLANG_WARN_DIRECT_OBJC_ISA_USAGE = YES_ERROR;
				CLANG_WARN_DOCUMENTATION_COMMENTS = YES;
				CLANG_WARN_EMPTY_BODY = YES;
				CLANG_WARN_ENUM_CONVERSION = YES;
				CLANG_WARN_INFINITE_RECURSION = YES;
				CLANG_WARN_INT_CONVERSION = YES;
				CLANG_WARN_NON_LITERAL_NULL_CONVERSION = YES;
				CLANG_WARN_OBJC_IMPLICIT_RETAIN_SELF = YES;
				CLANG_WARN_OBJC_LITERAL_CONVERSION = YES;
				CLANG_WARN_OBJC_ROOT_CLASS = YES_ERROR;
				CLANG_WARN_QUOTED_INCLUDE_IN_FRAMEWORK_HEADER = YES;
				CLANG_WARN_RANGE_LOOP_ANALYSIS = YES;
				CLANG_WARN_STRICT_PROTOTYPES = YES;
				CLANG_WARN_SUSPICIOUS_MOVE = YES;
				CLANG_WARN_UNGUARDED_AVAILABILITY = YES_AGGRESSIVE;
				CLANG_WARN_UNREACHABLE_CODE = YES;
				CLANG_WARN__DUPLICATE_METHOD_MATCH = YES;
				COPY_PHASE_STRIP = NO;
				DEBUG_INFORMATION_FORMAT = "dwarf-with-dsym";
				ENABLE_NS_ASSERTIONS = NO;
				ENABLE_STRICT_OBJC_MSGSEND = YES;
				GCC_C_LANGUAGE_STANDARD = gnu11;
				GCC_NO_COMMON_BLOCKS = YES;
				GCC_WARN_64_TO_32_BIT_CONVERSION = YES;
				GCC_WARN_ABOUT_RETURN_TYPE = YES_ERROR;
				GCC_WARN_UNDECLARED_SELECTOR = YES;
				GCC_WARN_UNINITIALIZED_AUTOS = YES_AGGRESSIVE;
				GCC_WARN_UNUSED_FUNCTION = YES;
				GCC_WARN_UNUSED_VARIABLE = YES;
				IPHONEOS_DEPLOYMENT_TARGET = 14.3;
				MTL_ENABLE_DEBUG_INFO = NO;
				MTL_FAST_MATH = YES;
				SDKROOT = iphoneos;
				SWIFT_COMPILATION_MODE = wholemodule;
				SWIFT_OPTIMIZATION_LEVEL = "-O";
				VALIDATE_PRODUCT = YES;
			};
			name = Release;
		};
		A5E4D68825C70DB9008A915F /* Debug */ = {
			isa = XCBuildConfiguration;
			buildSettings = {
				ASSETCATALOG_COMPILER_APPICON_NAME = AppIcon;
				ASSETCATALOG_COMPILER_GLOBAL_ACCENT_COLOR_NAME = AccentColor;
				CODE_SIGN_STYLE = Automatic;
				DEVELOPMENT_TEAM = U7P9CVFKG7;
				INFOPLIST_FILE = "PryanikyTest/Supporting files/Info.plist";
				LD_RUNPATH_SEARCH_PATHS = (
					"$(inherited)",
					"@executable_path/Frameworks",
				);
				PRODUCT_BUNDLE_IDENTIFIER = DenisLarin.PryanikyTest;
				PRODUCT_NAME = "$(TARGET_NAME)";
				SWIFT_VERSION = 5.0;
				TARGETED_DEVICE_FAMILY = "1,2";
			};
			name = Debug;
		};
		A5E4D68925C70DB9008A915F /* Release */ = {
			isa = XCBuildConfiguration;
			buildSettings = {
				ASSETCATALOG_COMPILER_APPICON_NAME = AppIcon;
				ASSETCATALOG_COMPILER_GLOBAL_ACCENT_COLOR_NAME = AccentColor;
				CODE_SIGN_STYLE = Automatic;
				DEVELOPMENT_TEAM = U7P9CVFKG7;
				INFOPLIST_FILE = "PryanikyTest/Supporting files/Info.plist";
				LD_RUNPATH_SEARCH_PATHS = (
					"$(inherited)",
					"@executable_path/Frameworks",
				);
				PRODUCT_BUNDLE_IDENTIFIER = DenisLarin.PryanikyTest;
				PRODUCT_NAME = "$(TARGET_NAME)";
				SWIFT_VERSION = 5.0;
				TARGETED_DEVICE_FAMILY = "1,2";
			};
			name = Release;
		};
/* End XCBuildConfiguration section */

/* Begin XCConfigurationList section */
		A5E4D66E25C70DB8008A915F /* Build configuration list for PBXProject "PryanikyTest" */ = {
			isa = XCConfigurationList;
			buildConfigurations = (
				A5E4D68525C70DB9008A915F /* Debug */,
				A5E4D68625C70DB9008A915F /* Release */,
			);
			defaultConfigurationIsVisible = 0;
			defaultConfigurationName = Release;
		};
		A5E4D68725C70DB9008A915F /* Build configuration list for PBXNativeTarget "PryanikyTest" */ = {
			isa = XCConfigurationList;
			buildConfigurations = (
				A5E4D68825C70DB9008A915F /* Debug */,
				A5E4D68925C70DB9008A915F /* Release */,
			);
			defaultConfigurationIsVisible = 0;
			defaultConfigurationName = Release;
		};
/* End XCConfigurationList section */
	};
	rootObject = A5E4D66B25C70DB8008A915F /* Project object */;
}
